
Microsoft Visual Studio Solution File, Format Version 12.00
# Visual Studio Version 16
VisualStudioVersion = 16.0.30011.22
MinimumVisualStudioVersion = 10.0.40219.1
Project("{9A19103F-16F7-4668-BE54-9A1E7A4F7556}") = "TimeoutMigrationTool", "TimeoutMigrationTool\TimeoutMigrationTool.csproj", "{CDA5A2B6-D547-4104-8BD1-5DC1CF17BEB8}"
EndProject
Project("{9A19103F-16F7-4668-BE54-9A1E7A4F7556}") = "TimeoutMigrationTool.Tests", "TimeoutMigrationTool.Tests\TimeoutMigrationTool.Tests.csproj", "{445C6D7F-E99D-4522-A934-9E70D4173D66}"
EndProject
Project("{9A19103F-16F7-4668-BE54-9A1E7A4F7556}") = "TimeoutMigrationTool.Raven4.Tests", "TimeoutMigrationTool.Raven4.Tests\TimeoutMigrationTool.Raven4.Tests.csproj", "{7976D47B-24DD-4F76-B745-562E46F30E21}"
EndProject
Project("{9A19103F-16F7-4668-BE54-9A1E7A4F7556}") = "TimeoutMigrationTool.AcceptanceTests", "TimeoutMigrationTool.AcceptanceTests\TimeoutMigrationTool.AcceptanceTests.csproj", "{0ECD2A95-14C0-4D8E-9B4A-557A009E3010}"
EndProject
Project("{9A19103F-16F7-4668-BE54-9A1E7A4F7556}") = "TimeoutMigrationTool.Raven.FakeData", "TimeoutMigrationTool.Raven.FakeData\TimeoutMigrationTool.Raven.FakeData.csproj", "{3C486002-36D6-42E8-A2A5-E5B28D6E7317}"
EndProject
Project("{9A19103F-16F7-4668-BE54-9A1E7A4F7556}") = "TimeoutMigrationTool.RabbitMq.FakeTarget", "TimeoutMigrationTool.RabbitMq.FakeTarget\TimeoutMigrationTool.RabbitMq.FakeTarget.csproj", "{054DD592-7D9D-4EC6-BE3E-DC5A7CFCBBB3}"
EndProject
Project("{2150E333-8FDC-42A3-9474-1A3956D46DE8}") = "Solution Items", "Solution Items", "{7131BBF7-0AD2-4852-BE1F-6E8D0C03DCE9}"
	ProjectSection(SolutionItems) = preProject
		..\README.md = ..\README.md
	EndProjectSection
EndProject
Project("{9A19103F-16F7-4668-BE54-9A1E7A4F7556}") = "TimeoutMigrationTool.Raven3.Tests", "TimeoutMigrationTool.Raven3.Tests\TimeoutMigrationTool.Raven3.Tests.csproj", "{B180C831-A1F3-4393-A409-ABB99B001F5A}"
EndProject
Project("{9A19103F-16F7-4668-BE54-9A1E7A4F7556}") = "TimeoutMigrationTool.Raven3.AcceptanceTests", "TimeoutMigrationTool.Raven3.AcceptanceTests\TimeoutMigrationTool.Raven3.AcceptanceTests.csproj", "{26C5BEE3-6C9B-4986-AE89-0624D898F2B4}"
EndProject
Global
	GlobalSection(SolutionConfigurationPlatforms) = preSolution
		Debug|Any CPU = Debug|Any CPU
		Release|Any CPU = Release|Any CPU
	EndGlobalSection
	GlobalSection(ProjectConfigurationPlatforms) = postSolution
		{CDA5A2B6-D547-4104-8BD1-5DC1CF17BEB8}.Debug|Any CPU.ActiveCfg = Debug|Any CPU
		{CDA5A2B6-D547-4104-8BD1-5DC1CF17BEB8}.Debug|Any CPU.Build.0 = Debug|Any CPU
		{CDA5A2B6-D547-4104-8BD1-5DC1CF17BEB8}.Release|Any CPU.ActiveCfg = Release|Any CPU
		{CDA5A2B6-D547-4104-8BD1-5DC1CF17BEB8}.Release|Any CPU.Build.0 = Release|Any CPU
		{445C6D7F-E99D-4522-A934-9E70D4173D66}.Debug|Any CPU.ActiveCfg = Debug|Any CPU
		{445C6D7F-E99D-4522-A934-9E70D4173D66}.Debug|Any CPU.Build.0 = Debug|Any CPU
		{445C6D7F-E99D-4522-A934-9E70D4173D66}.Release|Any CPU.ActiveCfg = Release|Any CPU
		{445C6D7F-E99D-4522-A934-9E70D4173D66}.Release|Any CPU.Build.0 = Release|Any CPU
		{7976D47B-24DD-4F76-B745-562E46F30E21}.Debug|Any CPU.ActiveCfg = Debug|Any CPU
		{7976D47B-24DD-4F76-B745-562E46F30E21}.Debug|Any CPU.Build.0 = Debug|Any CPU
		{7976D47B-24DD-4F76-B745-562E46F30E21}.Release|Any CPU.ActiveCfg = Release|Any CPU
		{7976D47B-24DD-4F76-B745-562E46F30E21}.Release|Any CPU.Build.0 = Release|Any CPU
		{0ECD2A95-14C0-4D8E-9B4A-557A009E3010}.Debug|Any CPU.ActiveCfg = Debug|Any CPU
		{0ECD2A95-14C0-4D8E-9B4A-557A009E3010}.Debug|Any CPU.Build.0 = Debug|Any CPU
		{0ECD2A95-14C0-4D8E-9B4A-557A009E3010}.Release|Any CPU.ActiveCfg = Release|Any CPU
		{0ECD2A95-14C0-4D8E-9B4A-557A009E3010}.Release|Any CPU.Build.0 = Release|Any CPU
		{3C486002-36D6-42E8-A2A5-E5B28D6E7317}.Debug|Any CPU.ActiveCfg = Debug|Any CPU
		{3C486002-36D6-42E8-A2A5-E5B28D6E7317}.Debug|Any CPU.Build.0 = Debug|Any CPU
		{3C486002-36D6-42E8-A2A5-E5B28D6E7317}.Release|Any CPU.ActiveCfg = Release|Any CPU
		{3C486002-36D6-42E8-A2A5-E5B28D6E7317}.Release|Any CPU.Build.0 = Release|Any CPU
		{054DD592-7D9D-4EC6-BE3E-DC5A7CFCBBB3}.Debug|Any CPU.ActiveCfg = Debug|Any CPU
		{054DD592-7D9D-4EC6-BE3E-DC5A7CFCBBB3}.Debug|Any CPU.Build.0 = Debug|Any CPU
		{054DD592-7D9D-4EC6-BE3E-DC5A7CFCBBB3}.Release|Any CPU.ActiveCfg = Release|Any CPU
		{054DD592-7D9D-4EC6-BE3E-DC5A7CFCBBB3}.Release|Any CPU.Build.0 = Release|Any CPU
		{B180C831-A1F3-4393-A409-ABB99B001F5A}.Debug|Any CPU.ActiveCfg = Debug|Any CPU
		{B180C831-A1F3-4393-A409-ABB99B001F5A}.Debug|Any CPU.Build.0 = Debug|Any CPU
		{B180C831-A1F3-4393-A409-ABB99B001F5A}.Release|Any CPU.ActiveCfg = Release|Any CPU
		{B180C831-A1F3-4393-A409-ABB99B001F5A}.Release|Any CPU.Build.0 = Release|Any CPU
		{26C5BEE3-6C9B-4986-AE89-0624D898F2B4}.Debug|Any CPU.ActiveCfg = Debug|Any CPU
		{26C5BEE3-6C9B-4986-AE89-0624D898F2B4}.Debug|Any CPU.Build.0 = Debug|Any CPU
		{26C5BEE3-6C9B-4986-AE89-0624D898F2B4}.Release|Any CPU.ActiveCfg = Release|Any CPU
		{26C5BEE3-6C9B-4986-AE89-0624D898F2B4}.Release|Any CPU.Build.0 = Release|Any CPU
	EndGlobalSection
	GlobalSection(SolutionProperties) = preSolution
		HideSolutionNode = FALSE
	EndGlobalSection
	GlobalSection(ExtensibilityGlobals) = postSolution
		SolutionGuid = {822E3889-25E2-46A9-9DB0-0E0570C155F4}
	EndGlobalSection
EndGlobal
