
Microsoft Visual Studio Solution File, Format Version 12.00
# Visual Studio Version 17
VisualStudioVersion = 17.0.32014.148
MinimumVisualStudioVersion = 10.0.40219.1
Project("{9A19103F-16F7-4668-BE54-9A1E7A4F7556}") = "TimeoutMigrationTool", "TimeoutMigrationTool\TimeoutMigrationTool.csproj", "{CDA5A2B6-D547-4104-8BD1-5DC1CF17BEB8}"
EndProject
Project("{9A19103F-16F7-4668-BE54-9A1E7A4F7556}") = "TimeoutMigrationTool.Tests", "TimeoutMigrationTool.Tests\TimeoutMigrationTool.Tests.csproj", "{445C6D7F-E99D-4522-A934-9E70D4173D66}"
EndProject
Project("{9A19103F-16F7-4668-BE54-9A1E7A4F7556}") = "TimeoutMigrationTool.Raven.IntegrationTests", "TimeoutMigrationTool.Raven.IntegrationTests\TimeoutMigrationTool.Raven.IntegrationTests.csproj", "{7976D47B-24DD-4F76-B745-562E46F30E21}"
EndProject
Project("{9A19103F-16F7-4668-BE54-9A1E7A4F7556}") = "TimeoutMigrationTool.Raven.FakeData", "TimeoutMigrationTool.Raven.FakeData\TimeoutMigrationTool.Raven.FakeData.csproj", "{3C486002-36D6-42E8-A2A5-E5B28D6E7317}"
EndProject
Project("{9A19103F-16F7-4668-BE54-9A1E7A4F7556}") = "TimeoutMigrationTool.RabbitMq.FakeTarget", "TimeoutMigrationTool.RabbitMq.FakeTarget\TimeoutMigrationTool.RabbitMq.FakeTarget.csproj", "{054DD592-7D9D-4EC6-BE3E-DC5A7CFCBBB3}"
EndProject
Project("{2150E333-8FDC-42A3-9474-1A3956D46DE8}") = "Solution Items", "Solution Items", "{7131BBF7-0AD2-4852-BE1F-6E8D0C03DCE9}"
	ProjectSection(SolutionItems) = preProject
		..\README.md = ..\README.md
	EndProjectSection
EndProject
Project("{9A19103F-16F7-4668-BE54-9A1E7A4F7556}") = "TimeoutMigrationTool.Raven3.AcceptanceTests", "TimeoutMigrationTool.Raven3.AcceptanceTests\TimeoutMigrationTool.Raven3.AcceptanceTests.csproj", "{26C5BEE3-6C9B-4986-AE89-0624D898F2B4}"
EndProject
Project("{9A19103F-16F7-4668-BE54-9A1E7A4F7556}") = "TimeoutMigrationTool.SqlP.AcceptanceTests", "TimeoutMigrationTool.SqlP.AcceptanceTests\TimeoutMigrationTool.SqlP.AcceptanceTests.csproj", "{96E41031-1974-4D08-A1A7-ECDF1161E31A}"
EndProject
Project("{9A19103F-16F7-4668-BE54-9A1E7A4F7556}") = "TimeoutMigrationTool.Raven4.AcceptanceTests", "TimeoutMigrationTool.Raven4.AcceptanceTests\TimeoutMigrationTool.Raven4.AcceptanceTests.csproj", "{7EB4EBCD-7A73-4842-9720-897CCE895FEB}"
EndProject
Project("{9A19103F-16F7-4668-BE54-9A1E7A4F7556}") = "TimeoutMigrationTool.RabbitMq.IntegrationTests", "TimeoutMigrationTool.RabbitMq.IntegrationTests\TimeoutMigrationTool.RabbitMq.IntegrationTests.csproj", "{645CAAE0-2F1D-4D19-AE77-D819638A289B}"
EndProject
Project("{9A19103F-16F7-4668-BE54-9A1E7A4F7556}") = "TimeoutMigrationTool.SqlP.FakeData", "TimeoutMigrationTool.SqlP.FakeData\TimeoutMigrationTool.SqlP.FakeData.csproj", "{76D0E2A7-824F-4888-8A90-978AD2F257AB}"
EndProject
Project("{9A19103F-16F7-4668-BE54-9A1E7A4F7556}") = "TimeoutMigrationTool.SqlT.IntegrationTests", "TimeoutMigrationTool.SqlT.IntegrationTests\TimeoutMigrationTool.SqlT.IntegrationTests.csproj", "{E06B67D5-B224-4C07-AEB2-E75489B039AA}"
EndProject
Project("{9A19103F-16F7-4668-BE54-9A1E7A4F7556}") = "TimeoutMigrationTool.NHibernate.AcceptanceTests", "TimeoutMigrationTool.NHibernate.AcceptanceTests\TimeoutMigrationTool.NHibernate.AcceptanceTests.csproj", "{DE901555-32AA-4561-A1F4-229654A0022A}"
EndProject
Project("{9A19103F-16F7-4668-BE54-9A1E7A4F7556}") = "TimeoutMigrationTool.NHibernate.FakeData", "TimeoutMigrationTool.NHibernate.FakeData\TimeoutMigrationTool.NHibernate.FakeData.csproj", "{C2965A08-972A-4918-BB5C-B0987006BE77}"
EndProject
Project("{9A19103F-16F7-4668-BE54-9A1E7A4F7556}") = "TimeoutMigrationTool.NHibernate.OracleAcceptanceTests", "TimeoutMigrationTool.NHibernate.OracleAcceptanceTests\TimeoutMigrationTool.NHibernate.OracleAcceptanceTests.csproj", "{2E4CFDC6-B245-46BD-8C45-2A0B9FB28E0A}"
EndProject
Project("{9A19103F-16F7-4668-BE54-9A1E7A4F7556}") = "TimeoutMigrationTool.ASQ.IntegrationTests", "TimeoutMigrationTool.ASQ.IntegrationTests\TimeoutMigrationTool.ASQ.IntegrationTests.csproj", "{8CC12631-9CAA-43FC-8EF9-B5923CF532F5}"
EndProject
Project("{9A19103F-16F7-4668-BE54-9A1E7A4F7556}") = "TimeoutMigrationTool.Asp.FakeData", "TimeoutMigrationTool.Asp.FakeData\TimeoutMigrationTool.Asp.FakeData.csproj", "{36E1A495-68EC-4C40-9800-AE39DF5B2B25}"
EndProject
Project("{9A19103F-16F7-4668-BE54-9A1E7A4F7556}") = "TimeoutMigrationTool.ASQ.FakeTarget", "TimeoutMigrationTool.ASQ.FakeTarget\TimeoutMigrationTool.ASQ.FakeTarget.csproj", "{4A20CD2D-5192-4358-929A-8A851400072C}"
EndProject
Project("{9A19103F-16F7-4668-BE54-9A1E7A4F7556}") = "TimeoutMigrationTool.Asp.AcceptanceTests", "TimeoutMigrationTool.Asp.AcceptanceTests\TimeoutMigrationTool.Asp.AcceptanceTests.csproj", "{BF938D36-C8E1-4910-854A-6340306199F0}"
EndProject
Project("{9A19103F-16F7-4668-BE54-9A1E7A4F7556}") = "TimeoutMigrationTool.Asp.IntegrationTests", "TimeoutMigrationTool.Asp.IntegrationTests\TimeoutMigrationTool.Asp.IntegrationTests.csproj", "{C786D14F-C431-40AA-8869-227ABE0250BB}"
EndProject
Project("{9A19103F-16F7-4668-BE54-9A1E7A4F7556}") = "TimeoutMigrationTool.Msmq.IntegrationTests", "TimeoutMigrationTool.Msmq.IntegrationTests\TimeoutMigrationTool.Msmq.IntegrationTests.csproj", "{ACA1E668-C1A5-47F4-9856-1EF23008D6D5}"
EndProject
Project("{9A19103F-16F7-4668-BE54-9A1E7A4F7556}") = "TimeoutMigrationTool.Msmq.AcceptanceTests", "TimeoutMigrationTool.Msmq.AcceptanceTests\TimeoutMigrationTool.Msmq.AcceptanceTests.csproj", "{3E8C4D99-FEE4-4420-B67A-BB77BEEE078A}"
	ProjectSection(ProjectDependencies) = postProject
		{CDA5A2B6-D547-4104-8BD1-5DC1CF17BEB8} = {CDA5A2B6-D547-4104-8BD1-5DC1CF17BEB8}
	EndProjectSection
EndProject
Project("{FAE04EC0-301F-11D3-BF4B-00C04F79EFBC}") = "TestHelper", "TestHelper\TestHelper.csproj", "{D494CDD1-06C1-4DC0-B2C8-7C7F1DA6E15C}"
EndProject
Global
	GlobalSection(SolutionConfigurationPlatforms) = preSolution
		Debug|Any CPU = Debug|Any CPU
		Release|Any CPU = Release|Any CPU
	EndGlobalSection
	GlobalSection(ProjectConfigurationPlatforms) = postSolution
		{CDA5A2B6-D547-4104-8BD1-5DC1CF17BEB8}.Debug|Any CPU.ActiveCfg = Debug|Any CPU
		{CDA5A2B6-D547-4104-8BD1-5DC1CF17BEB8}.Debug|Any CPU.Build.0 = Debug|Any CPU
		{CDA5A2B6-D547-4104-8BD1-5DC1CF17BEB8}.Release|Any CPU.ActiveCfg = Release|Any CPU
		{CDA5A2B6-D547-4104-8BD1-5DC1CF17BEB8}.Release|Any CPU.Build.0 = Release|Any CPU
		{445C6D7F-E99D-4522-A934-9E70D4173D66}.Debug|Any CPU.ActiveCfg = Debug|Any CPU
		{445C6D7F-E99D-4522-A934-9E70D4173D66}.Debug|Any CPU.Build.0 = Debug|Any CPU
		{445C6D7F-E99D-4522-A934-9E70D4173D66}.Release|Any CPU.ActiveCfg = Release|Any CPU
		{445C6D7F-E99D-4522-A934-9E70D4173D66}.Release|Any CPU.Build.0 = Release|Any CPU
		{7976D47B-24DD-4F76-B745-562E46F30E21}.Debug|Any CPU.ActiveCfg = Debug|Any CPU
		{7976D47B-24DD-4F76-B745-562E46F30E21}.Debug|Any CPU.Build.0 = Debug|Any CPU
		{7976D47B-24DD-4F76-B745-562E46F30E21}.Release|Any CPU.ActiveCfg = Release|Any CPU
		{7976D47B-24DD-4F76-B745-562E46F30E21}.Release|Any CPU.Build.0 = Release|Any CPU
		{3C486002-36D6-42E8-A2A5-E5B28D6E7317}.Debug|Any CPU.ActiveCfg = Debug|Any CPU
		{3C486002-36D6-42E8-A2A5-E5B28D6E7317}.Debug|Any CPU.Build.0 = Debug|Any CPU
		{3C486002-36D6-42E8-A2A5-E5B28D6E7317}.Release|Any CPU.ActiveCfg = Release|Any CPU
		{3C486002-36D6-42E8-A2A5-E5B28D6E7317}.Release|Any CPU.Build.0 = Release|Any CPU
		{054DD592-7D9D-4EC6-BE3E-DC5A7CFCBBB3}.Debug|Any CPU.ActiveCfg = Debug|Any CPU
		{054DD592-7D9D-4EC6-BE3E-DC5A7CFCBBB3}.Debug|Any CPU.Build.0 = Debug|Any CPU
		{054DD592-7D9D-4EC6-BE3E-DC5A7CFCBBB3}.Release|Any CPU.ActiveCfg = Release|Any CPU
		{054DD592-7D9D-4EC6-BE3E-DC5A7CFCBBB3}.Release|Any CPU.Build.0 = Release|Any CPU
		{26C5BEE3-6C9B-4986-AE89-0624D898F2B4}.Debug|Any CPU.ActiveCfg = Debug|Any CPU
		{26C5BEE3-6C9B-4986-AE89-0624D898F2B4}.Debug|Any CPU.Build.0 = Debug|Any CPU
		{26C5BEE3-6C9B-4986-AE89-0624D898F2B4}.Release|Any CPU.ActiveCfg = Release|Any CPU
		{26C5BEE3-6C9B-4986-AE89-0624D898F2B4}.Release|Any CPU.Build.0 = Release|Any CPU
		{96E41031-1974-4D08-A1A7-ECDF1161E31A}.Debug|Any CPU.ActiveCfg = Debug|Any CPU
		{96E41031-1974-4D08-A1A7-ECDF1161E31A}.Debug|Any CPU.Build.0 = Debug|Any CPU
		{96E41031-1974-4D08-A1A7-ECDF1161E31A}.Release|Any CPU.ActiveCfg = Release|Any CPU
		{96E41031-1974-4D08-A1A7-ECDF1161E31A}.Release|Any CPU.Build.0 = Release|Any CPU
		{7EB4EBCD-7A73-4842-9720-897CCE895FEB}.Debug|Any CPU.ActiveCfg = Debug|Any CPU
		{7EB4EBCD-7A73-4842-9720-897CCE895FEB}.Debug|Any CPU.Build.0 = Debug|Any CPU
		{7EB4EBCD-7A73-4842-9720-897CCE895FEB}.Release|Any CPU.ActiveCfg = Release|Any CPU
		{7EB4EBCD-7A73-4842-9720-897CCE895FEB}.Release|Any CPU.Build.0 = Release|Any CPU
		{645CAAE0-2F1D-4D19-AE77-D819638A289B}.Debug|Any CPU.ActiveCfg = Debug|Any CPU
		{645CAAE0-2F1D-4D19-AE77-D819638A289B}.Debug|Any CPU.Build.0 = Debug|Any CPU
		{645CAAE0-2F1D-4D19-AE77-D819638A289B}.Release|Any CPU.ActiveCfg = Release|Any CPU
		{645CAAE0-2F1D-4D19-AE77-D819638A289B}.Release|Any CPU.Build.0 = Release|Any CPU
		{76D0E2A7-824F-4888-8A90-978AD2F257AB}.Debug|Any CPU.ActiveCfg = Debug|Any CPU
		{76D0E2A7-824F-4888-8A90-978AD2F257AB}.Debug|Any CPU.Build.0 = Debug|Any CPU
		{76D0E2A7-824F-4888-8A90-978AD2F257AB}.Release|Any CPU.ActiveCfg = Release|Any CPU
		{76D0E2A7-824F-4888-8A90-978AD2F257AB}.Release|Any CPU.Build.0 = Release|Any CPU
		{E06B67D5-B224-4C07-AEB2-E75489B039AA}.Debug|Any CPU.ActiveCfg = Debug|Any CPU
		{E06B67D5-B224-4C07-AEB2-E75489B039AA}.Debug|Any CPU.Build.0 = Debug|Any CPU
		{E06B67D5-B224-4C07-AEB2-E75489B039AA}.Release|Any CPU.ActiveCfg = Release|Any CPU
		{E06B67D5-B224-4C07-AEB2-E75489B039AA}.Release|Any CPU.Build.0 = Release|Any CPU
		{DE901555-32AA-4561-A1F4-229654A0022A}.Debug|Any CPU.ActiveCfg = Debug|Any CPU
		{DE901555-32AA-4561-A1F4-229654A0022A}.Debug|Any CPU.Build.0 = Debug|Any CPU
		{DE901555-32AA-4561-A1F4-229654A0022A}.Release|Any CPU.ActiveCfg = Release|Any CPU
		{DE901555-32AA-4561-A1F4-229654A0022A}.Release|Any CPU.Build.0 = Release|Any CPU
		{C2965A08-972A-4918-BB5C-B0987006BE77}.Debug|Any CPU.ActiveCfg = Debug|Any CPU
		{C2965A08-972A-4918-BB5C-B0987006BE77}.Debug|Any CPU.Build.0 = Debug|Any CPU
		{C2965A08-972A-4918-BB5C-B0987006BE77}.Release|Any CPU.ActiveCfg = Release|Any CPU
		{C2965A08-972A-4918-BB5C-B0987006BE77}.Release|Any CPU.Build.0 = Release|Any CPU
		{2E4CFDC6-B245-46BD-8C45-2A0B9FB28E0A}.Debug|Any CPU.ActiveCfg = Debug|Any CPU
		{2E4CFDC6-B245-46BD-8C45-2A0B9FB28E0A}.Debug|Any CPU.Build.0 = Debug|Any CPU
		{2E4CFDC6-B245-46BD-8C45-2A0B9FB28E0A}.Release|Any CPU.ActiveCfg = Release|Any CPU
		{2E4CFDC6-B245-46BD-8C45-2A0B9FB28E0A}.Release|Any CPU.Build.0 = Release|Any CPU
		{8CC12631-9CAA-43FC-8EF9-B5923CF532F5}.Debug|Any CPU.ActiveCfg = Debug|Any CPU
		{8CC12631-9CAA-43FC-8EF9-B5923CF532F5}.Debug|Any CPU.Build.0 = Debug|Any CPU
		{8CC12631-9CAA-43FC-8EF9-B5923CF532F5}.Release|Any CPU.ActiveCfg = Release|Any CPU
		{8CC12631-9CAA-43FC-8EF9-B5923CF532F5}.Release|Any CPU.Build.0 = Release|Any CPU
		{36E1A495-68EC-4C40-9800-AE39DF5B2B25}.Debug|Any CPU.ActiveCfg = Debug|Any CPU
		{36E1A495-68EC-4C40-9800-AE39DF5B2B25}.Debug|Any CPU.Build.0 = Debug|Any CPU
		{36E1A495-68EC-4C40-9800-AE39DF5B2B25}.Release|Any CPU.ActiveCfg = Release|Any CPU
		{36E1A495-68EC-4C40-9800-AE39DF5B2B25}.Release|Any CPU.Build.0 = Release|Any CPU
		{4A20CD2D-5192-4358-929A-8A851400072C}.Debug|Any CPU.ActiveCfg = Debug|Any CPU
		{4A20CD2D-5192-4358-929A-8A851400072C}.Debug|Any CPU.Build.0 = Debug|Any CPU
		{4A20CD2D-5192-4358-929A-8A851400072C}.Release|Any CPU.ActiveCfg = Release|Any CPU
		{4A20CD2D-5192-4358-929A-8A851400072C}.Release|Any CPU.Build.0 = Release|Any CPU
		{BF938D36-C8E1-4910-854A-6340306199F0}.Debug|Any CPU.ActiveCfg = Debug|Any CPU
		{BF938D36-C8E1-4910-854A-6340306199F0}.Debug|Any CPU.Build.0 = Debug|Any CPU
		{BF938D36-C8E1-4910-854A-6340306199F0}.Release|Any CPU.ActiveCfg = Release|Any CPU
		{BF938D36-C8E1-4910-854A-6340306199F0}.Release|Any CPU.Build.0 = Release|Any CPU
		{C786D14F-C431-40AA-8869-227ABE0250BB}.Debug|Any CPU.ActiveCfg = Debug|Any CPU
		{C786D14F-C431-40AA-8869-227ABE0250BB}.Debug|Any CPU.Build.0 = Debug|Any CPU
		{C786D14F-C431-40AA-8869-227ABE0250BB}.Release|Any CPU.ActiveCfg = Release|Any CPU
		{C786D14F-C431-40AA-8869-227ABE0250BB}.Release|Any CPU.Build.0 = Release|Any CPU
		{ACA1E668-C1A5-47F4-9856-1EF23008D6D5}.Debug|Any CPU.ActiveCfg = Debug|Any CPU
		{ACA1E668-C1A5-47F4-9856-1EF23008D6D5}.Debug|Any CPU.Build.0 = Debug|Any CPU
		{ACA1E668-C1A5-47F4-9856-1EF23008D6D5}.Release|Any CPU.ActiveCfg = Release|Any CPU
		{ACA1E668-C1A5-47F4-9856-1EF23008D6D5}.Release|Any CPU.Build.0 = Release|Any CPU
		{3E8C4D99-FEE4-4420-B67A-BB77BEEE078A}.Debug|Any CPU.ActiveCfg = Debug|Any CPU
		{3E8C4D99-FEE4-4420-B67A-BB77BEEE078A}.Debug|Any CPU.Build.0 = Debug|Any CPU
		{3E8C4D99-FEE4-4420-B67A-BB77BEEE078A}.Release|Any CPU.ActiveCfg = Release|Any CPU
		{3E8C4D99-FEE4-4420-B67A-BB77BEEE078A}.Release|Any CPU.Build.0 = Release|Any CPU
		{D494CDD1-06C1-4DC0-B2C8-7C7F1DA6E15C}.Debug|Any CPU.ActiveCfg = Debug|Any CPU
		{D494CDD1-06C1-4DC0-B2C8-7C7F1DA6E15C}.Debug|Any CPU.Build.0 = Debug|Any CPU
		{D494CDD1-06C1-4DC0-B2C8-7C7F1DA6E15C}.Release|Any CPU.ActiveCfg = Release|Any CPU
		{D494CDD1-06C1-4DC0-B2C8-7C7F1DA6E15C}.Release|Any CPU.Build.0 = Release|Any CPU
	EndGlobalSection
	GlobalSection(SolutionProperties) = preSolution
		HideSolutionNode = FALSE
	EndGlobalSection
	GlobalSection(ExtensibilityGlobals) = postSolution
		SolutionGuid = {822E3889-25E2-46A9-9DB0-0E0570C155F4}
	EndGlobalSection
EndGlobal
